// !$*UTF8*$!
{
	archiveVersion = 1;
	classes = {
	};
	objectVersion = 50;
	objects = {

/* Begin PBXBuildFile section */
		682FECE02084FD5600B20AC2 /* MainTwoVC.swift in Sources */ = {isa = PBXBuildFile; fileRef = 682FECDF2084FD5600B20AC2 /* MainTwoVC.swift */; };
		68D1F5CA2084EBE800B09A45 /* AppDelegate.swift in Sources */ = {isa = PBXBuildFile; fileRef = 68D1F5C92084EBE800B09A45 /* AppDelegate.swift */; };
		68D1F5CF2084EBE800B09A45 /* Main.storyboard in Resources */ = {isa = PBXBuildFile; fileRef = 68D1F5CD2084EBE800B09A45 /* Main.storyboard */; };
		68D1F5D12084EBE900B09A45 /* Assets.xcassets in Resources */ = {isa = PBXBuildFile; fileRef = 68D1F5D02084EBE900B09A45 /* Assets.xcassets */; };
		68D1F5D42084EBE900B09A45 /* LaunchScreen.storyboard in Resources */ = {isa = PBXBuildFile; fileRef = 68D1F5D22084EBE900B09A45 /* LaunchScreen.storyboard */; };
		EE6460CDABCB82760D035B52 /* Pods_Week_Six.framework in Frameworks */ = {isa = PBXBuildFile; fileRef = 3972E9D5D487B5CE59409B30 /* Pods_Week_Six.framework */; };
/* End PBXBuildFile section */

/* Begin PBXFileReference section */
		0A6640E3B0B73AFD98CDD6F8 /* Pods-Week Six.debug.xcconfig */ = {isa = PBXFileReference; includeInIndex = 1; lastKnownFileType = text.xcconfig; name = "Pods-Week Six.debug.xcconfig"; path = "Pods/Target Support Files/Pods-Week Six/Pods-Week Six.debug.xcconfig"; sourceTree = "<group>"; };
		2EE6981165484B74FB81E9CC /* Pods-Week Six.release.xcconfig */ = {isa = PBXFileReference; includeInIndex = 1; lastKnownFileType = text.xcconfig; name = "Pods-Week Six.release.xcconfig"; path = "Pods/Target Support Files/Pods-Week Six/Pods-Week Six.release.xcconfig"; sourceTree = "<group>"; };
		3972E9D5D487B5CE59409B30 /* Pods_Week_Six.framework */ = {isa = PBXFileReference; explicitFileType = wrapper.framework; includeInIndex = 0; path = Pods_Week_Six.framework; sourceTree = BUILT_PRODUCTS_DIR; };
		682FECDF2084FD5600B20AC2 /* MainTwoVC.swift */ = {isa = PBXFileReference; lastKnownFileType = sourcecode.swift; path = MainTwoVC.swift; sourceTree = "<group>"; };
		68D1F5C62084EBE800B09A45 /* Week Six.app */ = {isa = PBXFileReference; explicitFileType = wrapper.application; includeInIndex = 0; path = "Week Six.app"; sourceTree = BUILT_PRODUCTS_DIR; };
		68D1F5C92084EBE800B09A45 /* AppDelegate.swift */ = {isa = PBXFileReference; lastKnownFileType = sourcecode.swift; path = AppDelegate.swift; sourceTree = "<group>"; };
		68D1F5CE2084EBE800B09A45 /* Base */ = {isa = PBXFileReference; lastKnownFileType = file.storyboard; name = Base; path = Base.lproj/Main.storyboard; sourceTree = "<group>"; };
		68D1F5D02084EBE900B09A45 /* Assets.xcassets */ = {isa = PBXFileReference; lastKnownFileType = folder.assetcatalog; path = Assets.xcassets; sourceTree = "<group>"; };
		68D1F5D32084EBE900B09A45 /* Base */ = {isa = PBXFileReference; lastKnownFileType = file.storyboard; name = Base; path = Base.lproj/LaunchScreen.storyboard; sourceTree = "<group>"; };
		68D1F5D52084EBE900B09A45 /* Info.plist */ = {isa = PBXFileReference; lastKnownFileType = text.plist.xml; path = Info.plist; sourceTree = "<group>"; };
/* End PBXFileReference section */

/* Begin PBXFrameworksBuildPhase section */
		68D1F5C32084EBE800B09A45 /* Frameworks */ = {
			isa = PBXFrameworksBuildPhase;
			buildActionMask = 2147483647;
			files = (
				EE6460CDABCB82760D035B52 /* Pods_Week_Six.framework in Frameworks */,
			);
			runOnlyForDeploymentPostprocessing = 0;
		};
/* End PBXFrameworksBuildPhase section */

/* Begin PBXGroup section */
		68D1F5BD2084EBE800B09A45 = {
			isa = PBXGroup;
			children = (
				68D1F5C82084EBE800B09A45 /* Week Six */,
				68D1F5C72084EBE800B09A45 /* Products */,
				EA6479299C6ABE230B2EAE15 /* Pods */,
				8CB8FE8DA5911350476282FD /* Frameworks */,
			);
			sourceTree = "<group>";
		};
		68D1F5C72084EBE800B09A45 /* Products */ = {
			isa = PBXGroup;
			children = (
				68D1F5C62084EBE800B09A45 /* Week Six.app */,
			);
			name = Products;
			sourceTree = "<group>";
		};
		68D1F5C82084EBE800B09A45 /* Week Six */ = {
			isa = PBXGroup;
			children = (
				68D1F5C92084EBE800B09A45 /* AppDelegate.swift */,
				68D1F5CD2084EBE800B09A45 /* Main.storyboard */,
				68D1F5D02084EBE900B09A45 /* Assets.xcassets */,
				68D1F5D22084EBE900B09A45 /* LaunchScreen.storyboard */,
				68D1F5D52084EBE900B09A45 /* Info.plist */,
				682FECDF2084FD5600B20AC2 /* MainTwoVC.swift */,
			);
			path = "Week Six";
			sourceTree = "<group>";
		};
		8CB8FE8DA5911350476282FD /* Frameworks */ = {
			isa = PBXGroup;
			children = (
				3972E9D5D487B5CE59409B30 /* Pods_Week_Six.framework */,
			);
			name = Frameworks;
			sourceTree = "<group>";
		};
		EA6479299C6ABE230B2EAE15 /* Pods */ = {
			isa = PBXGroup;
			children = (
				0A6640E3B0B73AFD98CDD6F8 /* Pods-Week Six.debug.xcconfig */,
				2EE6981165484B74FB81E9CC /* Pods-Week Six.release.xcconfig */,
			);
			name = Pods;
			sourceTree = "<group>";
		};
/* End PBXGroup section */

/* Begin PBXNativeTarget section */
		68D1F5C52084EBE800B09A45 /* Week Six */ = {
			isa = PBXNativeTarget;
			buildConfigurationList = 68D1F5D82084EBE900B09A45 /* Build configuration list for PBXNativeTarget "Week Six" */;
			buildPhases = (
				7266C2914C88967C6C3B989F /* [CP] Check Pods Manifest.lock */,
				68D1F5C22084EBE800B09A45 /* Sources */,
				68D1F5C32084EBE800B09A45 /* Frameworks */,
				68D1F5C42084EBE800B09A45 /* Resources */,
				7E728375F405EEC351533FBF /* [CP] Embed Pods Frameworks */,
			);
			buildRules = (
			);
			dependencies = (
			);
			name = "Week Six";
			productName = "Week Six";
			productReference = 68D1F5C62084EBE800B09A45 /* Week Six.app */;
			productType = "com.apple.product-type.application";
		};
/* End PBXNativeTarget section */

/* Begin PBXProject section */
		68D1F5BE2084EBE800B09A45 /* Project object */ = {
			isa = PBXProject;
			attributes = {
				LastSwiftUpdateCheck = 0930;
				LastUpgradeCheck = 0930;
				ORGANIZATIONNAME = "Sadik Ekin Ozbay";
				TargetAttributes = {
					68D1F5C52084EBE800B09A45 = {
						CreatedOnToolsVersion = 9.3;
					};
				};
			};
			buildConfigurationList = 68D1F5C12084EBE800B09A45 /* Build configuration list for PBXProject "Week Six" */;
			compatibilityVersion = "Xcode 9.3";
			developmentRegion = en;
			hasScannedForEncodings = 0;
			knownRegions = (
				en,
				Base,
			);
			mainGroup = 68D1F5BD2084EBE800B09A45;
			productRefGroup = 68D1F5C72084EBE800B09A45 /* Products */;
			projectDirPath = "";
			projectRoot = "";
			targets = (
				68D1F5C52084EBE800B09A45 /* Week Six */,
			);
		};
/* End PBXProject section */

/* Begin PBXResourcesBuildPhase section */
		68D1F5C42084EBE800B09A45 /* Resources */ = {
			isa = PBXResourcesBuildPhase;
			buildActionMask = 2147483647;
			files = (
				68D1F5D42084EBE900B09A45 /* LaunchScreen.storyboard in Resources */,
				68D1F5D12084EBE900B09A45 /* Assets.xcassets in Resources */,
				68D1F5CF2084EBE800B09A45 /* Main.storyboard in Resources */,
			);
			runOnlyForDeploymentPostprocessing = 0;
		};
/* End PBXResourcesBuildPhase section */

/* Begin PBXShellScriptBuildPhase section */
		7266C2914C88967C6C3B989F /* [CP] Check Pods Manifest.lock */ = {
			isa = PBXShellScriptBuildPhase;
			buildActionMask = 2147483647;
			files = (
			);
			inputPaths = (
				"${PODS_PODFILE_DIR_PATH}/Podfile.lock",
				"${PODS_ROOT}/Manifest.lock",
			);
			name = "[CP] Check Pods Manifest.lock";
			outputPaths = (
				"$(DERIVED_FILE_DIR)/Pods-Week Six-checkManifestLockResult.txt",
			);
			runOnlyForDeploymentPostprocessing = 0;
			shellPath = /bin/sh;
			shellScript = "diff \"${PODS_PODFILE_DIR_PATH}/Podfile.lock\" \"${PODS_ROOT}/Manifest.lock\" > /dev/null\nif [ $? != 0 ] ; then\n    # print error to STDERR\n    echo \"error: The sandbox is not in sync with the Podfile.lock. Run 'pod install' or update your CocoaPods installation.\" >&2\n    exit 1\nfi\n# This output is used by Xcode 'outputs' to avoid re-running this script phase.\necho \"SUCCESS\" > \"${SCRIPT_OUTPUT_FILE_0}\"\n";
			showEnvVarsInLog = 0;
		};
		7E728375F405EEC351533FBF /* [CP] Embed Pods Frameworks */ = {
			isa = PBXShellScriptBuildPhase;
			buildActionMask = 2147483647;
			files = (
			);
			inputPaths = (
				"${SRCROOT}/Pods/Target Support Files/Pods-Week Six/Pods-Week Six-frameworks.sh",
				"${BUILT_PRODUCTS_DIR}/Alamofire/Alamofire.framework",
				"${BUILT_PRODUCTS_DIR}/NVActivityIndicatorView/NVActivityIndicatorView.framework",
				"${BUILT_PRODUCTS_DIR}/SwiftyJSON/SwiftyJSON.framework",
			);
			name = "[CP] Embed Pods Frameworks";
			outputPaths = (
				"${TARGET_BUILD_DIR}/${FRAMEWORKS_FOLDER_PATH}/Alamofire.framework",
				"${TARGET_BUILD_DIR}/${FRAMEWORKS_FOLDER_PATH}/NVActivityIndicatorView.framework",
				"${TARGET_BUILD_DIR}/${FRAMEWORKS_FOLDER_PATH}/SwiftyJSON.framework",
			);
			runOnlyForDeploymentPostprocessing = 0;
			shellPath = /bin/sh;
			shellScript = "\"${SRCROOT}/Pods/Target Support Files/Pods-Week Six/Pods-Week Six-frameworks.sh\"\n";
			showEnvVarsInLog = 0;
		};
/* End PBXShellScriptBuildPhase section */

/* Begin PBXSourcesBuildPhase section */
		68D1F5C22084EBE800B09A45 /* Sources */ = {
			isa = PBXSourcesBuildPhase;
			buildActionMask = 2147483647;
			files = (
				682FECE02084FD5600B20AC2 /* MainTwoVC.swift in Sources */,
				68D1F5CA2084EBE800B09A45 /* AppDelegate.swift in Sources */,
			);
			runOnlyForDeploymentPostprocessing = 0;
		};
/* End PBXSourcesBuildPhase section */

/* Begin PBXVariantGroup section */
		68D1F5CD2084EBE800B09A45 /* Main.storyboard */ = {
			isa = PBXVariantGroup;
			children = (
				68D1F5CE2084EBE800B09A45 /* Base */,
			);
			name = Main.storyboard;
			sourceTree = "<group>";
		};
		68D1F5D22084EBE900B09A45 /* LaunchScreen.storyboard */ = {
			isa = PBXVariantGroup;
			children = (
				68D1F5D32084EBE900B09A45 /* Base */,
			);
			name = LaunchScreen.storyboard;
			sourceTree = "<group>";
		};
/* End PBXVariantGroup section */

/* Begin XCBuildConfiguration section */
		68D1F5D62084EBE900B09A45 /* Debug */ = {
			isa = XCBuildConfiguration;
			buildSettings = {
				ALWAYS_SEARCH_USER_PATHS = NO;
				CLANG_ANALYZER_NONNULL = YES;
				CLANG_ANALYZER_NUMBER_OBJECT_CONVERSION = YES_AGGRESSIVE;
				CLANG_CXX_LANGUAGE_STANDARD = "gnu++14";
				CLANG_CXX_LIBRARY = "libc++";
				CLANG_ENABLE_MODULES = YES;
				CLANG_ENABLE_OBJC_ARC = YES;
				CLANG_ENABLE_OBJC_WEAK = YES;
				CLANG_WARN_BLOCK_CAPTURE_AUTORELEASING = YES;
				CLANG_WARN_BOOL_CONVERSION = YES;
				CLANG_WARN_COMMA = YES;
				CLANG_WARN_CONSTANT_CONVERSION = YES;
				CLANG_WARN_DEPRECATED_OBJC_IMPLEMENTATIONS = YES;
				CLANG_WARN_DIRECT_OBJC_ISA_USAGE = YES_ERROR;
				CLANG_WARN_DOCUMENTATION_COMMENTS = YES;
				CLANG_WARN_EMPTY_BODY = YES;
				CLANG_WARN_ENUM_CONVERSION = YES;
				CLANG_WARN_INFINITE_RECURSION = YES;
				CLANG_WARN_INT_CONVERSION = YES;
				CLANG_WARN_NON_LITERAL_NULL_CONVERSION = YES;
				CLANG_WARN_OBJC_IMPLICIT_RETAIN_SELF = YES;
				CLANG_WARN_OBJC_LITERAL_CONVERSION = YES;
				CLANG_WARN_OBJC_ROOT_CLASS = YES_ERROR;
				CLANG_WARN_RANGE_LOOP_ANALYSIS = YES;
				CLANG_WARN_STRICT_PROTOTYPES = YES;
				CLANG_WARN_SUSPICIOUS_MOVE = YES;
				CLANG_WARN_UNGUARDED_AVAILABILITY = YES_AGGRESSIVE;
				CLANG_WARN_UNREACHABLE_CODE = YES;
				CLANG_WARN__DUPLICATE_METHOD_MATCH = YES;
				CODE_SIGN_IDENTITY = "iPhone Developer";
				COPY_PHASE_STRIP = NO;
				DEBUG_INFORMATION_FORMAT = dwarf;
				ENABLE_STRICT_OBJC_MSGSEND = YES;
				ENABLE_TESTABILITY = YES;
				GCC_C_LANGUAGE_STANDARD = gnu11;
				GCC_DYNAMIC_NO_PIC = NO;
				GCC_NO_COMMON_BLOCKS = YES;
				GCC_OPTIMIZATION_LEVEL = 0;
				GCC_PREPROCESSOR_DEFINITIONS = (
					"DEBUG=1",
					"$(inherited)",
				);
				GCC_WARN_64_TO_32_BIT_CONVERSION = YES;
				GCC_WARN_ABOUT_RETURN_TYPE = YES_ERROR;
				GCC_WARN_UNDECLARED_SELECTOR = YES;
				GCC_WARN_UNINITIALIZED_AUTOS = YES_AGGRESSIVE;
				GCC_WARN_UNUSED_FUNCTION = YES;
				GCC_WARN_UNUSED_VARIABLE = YES;
				IPHONEOS_DEPLOYMENT_TARGET = 11.3;
				MTL_ENABLE_DEBUG_INFO = YES;
				ONLY_ACTIVE_ARCH = YES;
				SDKROOT = iphoneos;
				SWIFT_ACTIVE_COMPILATION_CONDITIONS = DEBUG;
				SWIFT_OPTIMIZATION_LEVEL = "-Onone";
			};
			name = Debug;
		};
		68D1F5D72084EBE900B09A45 /* Release */ = {
			isa = XCBuildConfiguration;
			buildSettings = {
				ALWAYS_SEARCH_USER_PATHS = NO;
				CLANG_ANALYZER_NONNULL = YES;
				CLANG_ANALYZER_NUMBER_OBJECT_CONVERSION = YES_AGGRESSIVE;
				CLANG_CXX_LANGUAGE_STANDARD = "gnu++14";
				CLANG_CXX_LIBRARY = "libc++";
				CLANG_ENABLE_MODULES = YES;
				CLANG_ENABLE_OBJC_ARC = YES;
				CLANG_ENABLE_OBJC_WEAK = YES;
				CLANG_WARN_BLOCK_CAPTURE_AUTORELEASING = YES;
				CLANG_WARN_BOOL_CONVERSION = YES;
				CLANG_WARN_COMMA = YES;
				CLANG_WARN_CONSTANT_CONVERSION = YES;
				CLANG_WARN_DEPRECATED_OBJC_IMPLEMENTATIONS = YES;
				CLANG_WARN_DIRECT_OBJC_ISA_USAGE = YES_ERROR;
				CLANG_WARN_DOCUMENTATION_COMMENTS = YES;
				CLANG_WARN_EMPTY_BODY = YES;
				CLANG_WARN_ENUM_CONVERSION = YES;
				CLANG_WARN_INFINITE_RECURSION = YES;
				CLANG_WARN_INT_CONVERSION = YES;
				CLANG_WARN_NON_LITERAL_NULL_CONVERSION = YES;
				CLANG_WARN_OBJC_IMPLICIT_RETAIN_SELF = YES;
				CLANG_WARN_OBJC_LITERAL_CONVERSION = YES;
				CLANG_WARN_OBJC_ROOT_CLASS = YES_ERROR;
				CLANG_WARN_RANGE_LOOP_ANALYSIS = YES;
				CLANG_WARN_STRICT_PROTOTYPES = YES;
				CLANG_WARN_SUSPICIOUS_MOVE = YES;
				CLANG_WARN_UNGUARDED_AVAILABILITY = YES_AGGRESSIVE;
				CLANG_WARN_UNREACHABLE_CODE = YES;
				CLANG_WARN__DUPLICATE_METHOD_MATCH = YES;
				CODE_SIGN_IDENTITY = "iPhone Developer";
				COPY_PHASE_STRIP = NO;
				DEBUG_INFORMATION_FORMAT = "dwarf-with-dsym";
				ENABLE_NS_ASSERTIONS = NO;
				ENABLE_STRICT_OBJC_MSGSEND = YES;
				GCC_C_LANGUAGE_STANDARD = gnu11;
				GCC_NO_COMMON_BLOCKS = YES;
				GCC_WARN_64_TO_32_BIT_CONVERSION = YES;
				GCC_WARN_ABOUT_RETURN_TYPE = YES_ERROR;
				GCC_WARN_UNDECLARED_SELECTOR = YES;
				GCC_WARN_UNINITIALIZED_AUTOS = YES_AGGRESSIVE;
				GCC_WARN_UNUSED_FUNCTION = YES;
				GCC_WARN_UNUSED_VARIABLE = YES;
				IPHONEOS_DEPLOYMENT_TARGET = 11.3;
				MTL_ENABLE_DEBUG_INFO = NO;
				SDKROOT = iphoneos;
				SWIFT_COMPILATION_MODE = wholemodule;
				SWIFT_OPTIMIZATION_LEVEL = "-O";
				VALIDATE_PRODUCT = YES;
			};
			name = Release;
		};
		68D1F5D92084EBE900B09A45 /* Debug */ = {
			isa = XCBuildConfiguration;
			baseConfigurationReference = 0A6640E3B0B73AFD98CDD6F8 /* Pods-Week Six.debug.xcconfig */;
			buildSettings = {
				ASSETCATALOG_COMPILER_APPICON_NAME = AppIcon;
				CODE_SIGN_STYLE = Automatic;
				DEVELOPMENT_TEAM = KH4D6VQ55F;
				INFOPLIST_FILE = "Week Six/Info.plist";
				LD_RUNPATH_SEARCH_PATHS = (
					"$(inherited)",
					"@executable_path/Frameworks",
				);
				PRODUCT_BUNDLE_IDENTIFIER = "com.sadikekinozbay.Week-Six";
				PRODUCT_NAME = "$(TARGET_NAME)";
				SWIFT_VERSION = 4.0;
				TARGETED_DEVICE_FAMILY = "1,2";
			};
			name = Debug;
		};
		68D1F5DA2084EBE900B09A45 /* Release */ = {
			isa = XCBuildConfiguration;
			baseConfigurationReference = 2EE6981165484B74FB81E9CC /* Pods-Week Six.release.xcconfig */;
			buildSettings = {
				ASSETCATALOG_COMPILER_APPICON_NAME = AppIcon;
				CODE_SIGN_STYLE = Automatic;
				DEVELOPMENT_TEAM = KH4D6VQ55F;
				INFOPLIST_FILE = "Week Six/Info.plist";
				LD_RUNPATH_SEARCH_PATHS = (
					"$(inherited)",
					"@executable_path/Frameworks",
				);
				PRODUCT_BUNDLE_IDENTIFIER = "com.sadikekinozbay.Week-Six";
				PRODUCT_NAME = "$(TARGET_NAME)";
				SWIFT_VERSION = 4.0;
				TARGETED_DEVICE_FAMILY = "1,2";
			};
			name = Release;
		};
/* End XCBuildConfiguration section */

/* Begin XCConfigurationList section */
		68D1F5C12084EBE800B09A45 /* Build configuration list for PBXProject "Week Six" */ = {
			isa = XCConfigurationList;
			buildConfigurations = (
				68D1F5D62084EBE900B09A45 /* Debug */,
				68D1F5D72084EBE900B09A45 /* Release */,
			);
			defaultConfigurationIsVisible = 0;
			defaultConfigurationName = Release;
		};
		68D1F5D82084EBE900B09A45 /* Build configuration list for PBXNativeTarget "Week Six" */ = {
			isa = XCConfigurationList;
			buildConfigurations = (
				68D1F5D92084EBE900B09A45 /* Debug */,
				68D1F5DA2084EBE900B09A45 /* Release */,
			);
			defaultConfigurationIsVisible = 0;
			defaultConfigurationName = Release;
		};
/* End XCConfigurationList section */
	};
	rootObject = 68D1F5BE2084EBE800B09A45 /* Project object */;
}
